<Solution>
  <Folder Name="/src/">
    <Project Path="src/AutoPower.Core/AutoPower.Core.csproj" />
    <Project Path="src/AutoPower.SourceGenerator/AutoPower.SourceGenerator.csproj" />
    <Project Path="src/AutoPower.Tests/AutoPower.Tests.csproj" />
    <Project Path="src/AutoPower/AutoPower.csproj" />
  </Folder>
</Solution>
